
Microsoft Visual Studio Solution File, Format Version 12.00
# Visual Studio Version 17
VisualStudioVersion = 17.13.35818.85
MinimumVisualStudioVersion = 10.0.40219.1
Project("{FAE04EC0-301F-11D3-BF4B-00C04F79EFBC}") = "InfoPanel.UniFi", "InfoPanel.UniFi\InfoPanel.UniFi.csproj", "{5BB3E6C1-1840-4DA0-983D-CE315D873905}"
EndProject
Project("{FAE04EC0-301F-11D3-BF4B-00C04F79EFBC}") = "InfoPanel.Plugins", "..\infopanel\InfoPanel.Plugins\InfoPanel.Plugins.csproj", "{F160E08A-3218-4373-981A-B22B4599FC43}"
EndProject
Global
	GlobalSection(SolutionConfigurationPlatforms) = preSolution
		Debug|Any CPU = Debug|Any CPU
		Debug|x64 = Debug|x64
		Release|Any CPU = Release|Any CPU
		Release|x64 = Release|x64
	EndGlobalSection
	GlobalSection(ProjectConfigurationPlatforms) = postSolution
		{5BB3E6C1-1840-4DA0-983D-CE315D873905}.Debug|Any CPU.ActiveCfg = Debug|x64
		{5BB3E6C1-1840-4DA0-983D-CE315D873905}.Debug|Any CPU.Build.0 = Debug|x64
		{5BB3E6C1-1840-4DA0-983D-CE315D873905}.Debug|x64.ActiveCfg = Debug|x64
		{5BB3E6C1-1840-4DA0-983D-CE315D873905}.Debug|x64.Build.0 = Debug|x64
		{5BB3E6C1-1840-4DA0-983D-CE315D873905}.Release|Any CPU.ActiveCfg = Release|Any CPU
		{5BB3E6C1-1840-4DA0-983D-CE315D873905}.Release|Any CPU.Build.0 = Release|Any CPU
		{5BB3E6C1-1840-4DA0-983D-CE315D873905}.Release|x64.ActiveCfg = Release|x64
		{5BB3E6C1-1840-4DA0-983D-CE315D873905}.Release|x64.Build.0 = Release|x64
		{F160E08A-3218-4373-981A-B22B4599FC43}.Debug|Any CPU.ActiveCfg = Debug|x64
		{F160E08A-3218-4373-981A-B22B4599FC43}.Debug|Any CPU.Build.0 = Debug|x64
		{F160E08A-3218-4373-981A-B22B4599FC43}.Debug|x64.ActiveCfg = Debug|x64
		{F160E08A-3218-4373-981A-B22B4599FC43}.Debug|x64.Build.0 = Debug|x64
		{F160E08A-3218-4373-981A-B22B4599FC43}.Release|Any CPU.ActiveCfg = Release|x64
		{F160E08A-3218-4373-981A-B22B4599FC43}.Release|Any CPU.Build.0 = Release|x64
		{F160E08A-3218-4373-981A-B22B4599FC43}.Release|x64.ActiveCfg = Release|x64
		{F160E08A-3218-4373-981A-B22B4599FC43}.Release|x64.Build.0 = Release|x64
	EndGlobalSection
	GlobalSection(SolutionProperties) = preSolution
		HideSolutionNode = FALSE
	EndGlobalSection
	GlobalSection(ExtensibilityGlobals) = postSolution
		SolutionGuid = {00D24F09-C70A-47AD-BB96-01C8B9BA79C2}
	EndGlobalSection
EndGlobal
